{
  "name": "vam",
  "version": "1.0.0",
  "lockfileVersion": 3,
  "requires": true,
  "packages": {
    "": {
      "name": "vam",
      "version": "1.0.0",
      "license": "ISC",
      "dependencies": {
        "jose": "^2.0.6",
        "node-forge": "^1.3.1"
      }
    },
    "node_modules/@panva/asn1.js": {
      "version": "1.0.0",
      "resolved": "https://registry.npmjs.org/@panva/asn1.js/-/asn1.js-1.0.0.tgz",
      "integrity": "sha512-UdkG3mLEqXgnlKsWanWcgb6dOjUzJ+XC5f+aWw30qrtjxeNUSfKX1cd5FBzOaXQumoe9nIqeZUvrRJS03HCCtw==",
      "engines": {
        "node": ">=10.13.0"
      }
    },
    "node_modules/jose": {
      "version": "2.0.6",
      "resolved": "https://registry.npmjs.org/jose/-/jose-2.0.6.tgz",
      "integrity": "sha512-FVoPY7SflDodE4lknJmbAHSUjLCzE2H1F6MS0RYKMQ8SR+lNccpMf8R4eqkNYyyUjR5qZReOzZo5C5YiHOCjjg==",
      "dependencies": {
        "@panva/asn1.js": "^1.0.0"
      },
      "engines": {
        "node": ">=10.13.0 < 13 || >=13.7.0"
      },
      "funding": {
        "url": "https://github.com/sponsors/panva"
      }
    },
    "node_modules/node-forge": {
      "version": "1.3.1",
      "resolved": "https://registry.npmjs.org/node-forge/-/node-forge-1.3.1.tgz",
      "integrity": "sha512-dPEtOeMvF9VMcYV/1Wb8CPoVAXtp6MKMlcbAt4ddqmGqUJ6fQZFXkNZNkNlfevtNkGtaSoXf/vNNNSvgrdXwtA==",
      "engines": {
        "node": ">= 6.13.0"
      }
    }
  }
}
